
Microsoft Visual Studio Solution File, Format Version 12.00
# Visual Studio 15
VisualStudioVersion = 15.0.28307.329
MinimumVisualStudioVersion = 10.0.40219.1
Project("{FAE04EC0-301F-11D3-BF4B-00C04F79EFBC}") = "Solution_Word_unscrambler", "Solution_Word_unscrambler\Solution_Word_unscrambler.csproj", "{A04A5B20-1A7A-4869-A6D5-D0B7367AD0B4}"
EndProject
Global
	GlobalSection(SolutionConfigurationPlatforms) = preSolution
		Debug|Any CPU = Debug|Any CPU
		Release|Any CPU = Release|Any CPU
	EndGlobalSection
	GlobalSection(ProjectConfigurationPlatforms) = postSolution
		{A04A5B20-1A7A-4869-A6D5-D0B7367AD0B4}.Debug|Any CPU.ActiveCfg = Debug|Any CPU
		{A04A5B20-1A7A-4869-A6D5-D0B7367AD0B4}.Debug|Any CPU.Build.0 = Debug|Any CPU
		{A04A5B20-1A7A-4869-A6D5-D0B7367AD0B4}.Release|Any CPU.ActiveCfg = Release|Any CPU
		{A04A5B20-1A7A-4869-A6D5-D0B7367AD0B4}.Release|Any CPU.Build.0 = Release|Any CPU
	EndGlobalSection
	GlobalSection(SolutionProperties) = preSolution
		HideSolutionNode = FALSE
	EndGlobalSection
	GlobalSection(ExtensibilityGlobals) = postSolution
		SolutionGuid = {18DF602C-7E6B-4C05-991B-2AB3ACD2AB74}
	EndGlobalSection
EndGlobal
